// !$*UTF8*$!
{
	archiveVersion = 1;
	classes = {
	};
	objectVersion = 50;
	objects = {

/* Begin PBXBuildFile section */
		3A60914E24B30C13009D5BB1 /* swift.gif in Resources */ = {isa = PBXBuildFile; fileRef = 3A60914D24B30C13009D5BB1 /* swift.gif */; };
		3A64D26324C091030081163C /* QuickLook.framework in Frameworks */ = {isa = PBXBuildFile; fileRef = 3A64D26224C091030081163C /* QuickLook.framework */; };
		AC2A650524B71BF100FF8D6B /* TestBundle.bundle in Resources */ = {isa = PBXBuildFile; fileRef = AC2A650424B71BF100FF8D6B /* TestBundle.bundle */; };
		AC4F12BA24C70CF00035DE6A /* HsConfigBrowerPage.m in Sources */ = {isa = PBXBuildFile; fileRef = AC4F127C24C70CEF0035DE6A /* HsConfigBrowerPage.m */; };
		AC4F12BB24C70CF00035DE6A /* HsConfigBrowerPlistPage.m in Sources */ = {isa = PBXBuildFile; fileRef = AC4F127D24C70CEF0035DE6A /* HsConfigBrowerPlistPage.m */; };
		AC4F12BC24C70CF00035DE6A /* HsConfigBrowerHeaderView.m in Sources */ = {isa = PBXBuildFile; fileRef = AC4F128124C70CEF0035DE6A /* HsConfigBrowerHeaderView.m */; };
		AC4F12BD24C70CF00035DE6A /* HsTestTool.bundle in Resources */ = {isa = PBXBuildFile; fileRef = AC4F128324C70CEF0035DE6A /* HsTestTool.bundle */; };
		AC4F12BE24C70CF00035DE6A /* HsTestBaseViewController.m in Sources */ = {isa = PBXBuildFile; fileRef = AC4F128424C70CEF0035DE6A /* HsTestBaseViewController.m */; };
		AC4F12BF24C70CF00035DE6A /* HsPlistBrowerTableView.m in Sources */ = {isa = PBXBuildFile; fileRef = AC4F128824C70CEF0035DE6A /* HsPlistBrowerTableView.m */; };
		AC4F12C024C70CF00035DE6A /* HsPlistBrowerPageCell.m in Sources */ = {isa = PBXBuildFile; fileRef = AC4F128924C70CEF0035DE6A /* HsPlistBrowerPageCell.m */; };
		AC4F12C124C70CF00035DE6A /* NSBundle+HsTestTool.m in Sources */ = {isa = PBXBuildFile; fileRef = AC4F128A24C70CEF0035DE6A /* NSBundle+HsTestTool.m */; };
		AC4F12C224C70CF00035DE6A /* HsFileBrowerManager.m in Sources */ = {isa = PBXBuildFile; fileRef = AC4F129224C70CEF0035DE6A /* HsFileBrowerManager.m */; };
		AC4F12C324C70CF00035DE6A /* HsFileBrowerPage.m in Sources */ = {isa = PBXBuildFile; fileRef = AC4F129424C70CEF0035DE6A /* HsFileBrowerPage.m */; };
		AC4F12C424C70CF00035DE6A /* HsFileBrowerController.m in Sources */ = {isa = PBXBuildFile; fileRef = AC4F129624C70CEF0035DE6A /* HsFileBrowerController.m */; };
		AC4F12C524C70CF00035DE6A /* HsFileBrowerActionPage.m in Sources */ = {isa = PBXBuildFile; fileRef = AC4F129724C70CEF0035DE6A /* HsFileBrowerActionPage.m */; };
		AC4F12C624C70CF00035DE6A /* HsFileBrowerPreviewPage.m in Sources */ = {isa = PBXBuildFile; fileRef = AC4F129A24C70CEF0035DE6A /* HsFileBrowerPreviewPage.m */; };
		AC4F12C724C70CF00035DE6A /* HsFileBrowerBriefPage.m in Sources */ = {isa = PBXBuildFile; fileRef = AC4F129D24C70CEF0035DE6A /* HsFileBrowerBriefPage.m */; };
		AC4F12C824C70CF00035DE6A /* HsFileBrowerItem.m in Sources */ = {isa = PBXBuildFile; fileRef = AC4F129F24C70CEF0035DE6A /* HsFileBrowerItem.m */; };
		AC4F12C924C70CF00035DE6A /* HsFileBrowerScrollHeader.m in Sources */ = {isa = PBXBuildFile; fileRef = AC4F12A224C70CEF0035DE6A /* HsFileBrowerScrollHeader.m */; };
		AC4F12CA24C70CF00035DE6A /* HsFileBrowerItemCell.m in Sources */ = {isa = PBXBuildFile; fileRef = AC4F12A324C70CEF0035DE6A /* HsFileBrowerItemCell.m */; };
		AC4F12CB24C70CF00035DE6A /* HsFileBrowerAnimatedTransitioning.m in Sources */ = {isa = PBXBuildFile; fileRef = AC4F12A424C70CEF0035DE6A /* HsFileBrowerAnimatedTransitioning.m */; };
		AC4F12CC24C70CF00035DE6A /* HsFileBrowerNavigateTransitioning.m in Sources */ = {isa = PBXBuildFile; fileRef = AC4F12A924C70CF00035DE6A /* HsFileBrowerNavigateTransitioning.m */; };
		AC4F12CD24C70CF00035DE6A /* HsPlistBrowerPage.m in Sources */ = {isa = PBXBuildFile; fileRef = AC4F12AC24C70CF00035DE6A /* HsPlistBrowerPage.m */; };
		AC4F12CE24C70CF00035DE6A /* HsPlistBrowerController.m in Sources */ = {isa = PBXBuildFile; fileRef = AC4F12AE24C70CF00035DE6A /* HsPlistBrowerController.m */; };
		AC4F12CF24C70CF00035DE6A /* HsPlistBrowerSearchResultPage.m in Sources */ = {isa = PBXBuildFile; fileRef = AC4F12AF24C70CF00035DE6A /* HsPlistBrowerSearchResultPage.m */; };
		AC4F12D024C70CF00035DE6A /* HsPlistBrowerEditPage.m in Sources */ = {isa = PBXBuildFile; fileRef = AC4F12B024C70CF00035DE6A /* HsPlistBrowerEditPage.m */; };
		AC4F12D124C70CF00035DE6A /* HsPlistBrowerNode.m in Sources */ = {isa = PBXBuildFile; fileRef = AC4F12B524C70CF00035DE6A /* HsPlistBrowerNode.m */; };
		AC4F12D224C70CF00035DE6A /* HsPlistBrowerNodeView.m in Sources */ = {isa = PBXBuildFile; fileRef = AC4F12B924C70CF00035DE6A /* HsPlistBrowerNodeView.m */; };
		AC4F12D424C70F5B0035DE6A /* image01.psd in Resources */ = {isa = PBXBuildFile; fileRef = 3A60914C24B30C05009D5BB1 /* image01.psd */; };
		AC4F12D624C70F850035DE6A /* TestPlsit.plist in Resources */ = {isa = PBXBuildFile; fileRef = AC4F12D524C70F850035DE6A /* TestPlsit.plist */; };
		AC8E904E24AC1B340086E3A7 /* AppDelegate.m in Sources */ = {isa = PBXBuildFile; fileRef = AC8E904D24AC1B340086E3A7 /* AppDelegate.m */; };
		AC8E905424AC1B340086E3A7 /* ViewController.m in Sources */ = {isa = PBXBuildFile; fileRef = AC8E905324AC1B340086E3A7 /* ViewController.m */; };
		AC8E905724AC1B340086E3A7 /* Main.storyboard in Resources */ = {isa = PBXBuildFile; fileRef = AC8E905524AC1B340086E3A7 /* Main.storyboard */; };
		AC8E905924AC1B370086E3A7 /* Assets.xcassets in Resources */ = {isa = PBXBuildFile; fileRef = AC8E905824AC1B370086E3A7 /* Assets.xcassets */; };
		AC8E905C24AC1B370086E3A7 /* LaunchScreen.storyboard in Resources */ = {isa = PBXBuildFile; fileRef = AC8E905A24AC1B370086E3A7 /* LaunchScreen.storyboard */; };
		AC8E905F24AC1B370086E3A7 /* main.m in Sources */ = {isa = PBXBuildFile; fileRef = AC8E905E24AC1B370086E3A7 /* main.m */; };
		AC8E909C24AC1BB40086E3A7 /* HsHiddenFunctionPage.m in Sources */ = {isa = PBXBuildFile; fileRef = AC8E908824AC1BB30086E3A7 /* HsHiddenFunctionPage.m */; };
/* End PBXBuildFile section */

/* Begin PBXFileReference section */
		3A60914C24B30C05009D5BB1 /* image01.psd */ = {isa = PBXFileReference; lastKnownFileType = file; path = image01.psd; sourceTree = "<group>"; };
		3A60914D24B30C13009D5BB1 /* swift.gif */ = {isa = PBXFileReference; lastKnownFileType = image.gif; path = swift.gif; sourceTree = "<group>"; };
		3A64D26224C091030081163C /* QuickLook.framework */ = {isa = PBXFileReference; lastKnownFileType = wrapper.framework; name = QuickLook.framework; path = System/Library/Frameworks/QuickLook.framework; sourceTree = SDKROOT; };
		AC2A650424B71BF100FF8D6B /* TestBundle.bundle */ = {isa = PBXFileReference; lastKnownFileType = "wrapper.plug-in"; path = TestBundle.bundle; sourceTree = "<group>"; };
		AC4F127B24C70CEF0035DE6A /* HsConfigBrowerPlistPage.h */ = {isa = PBXFileReference; fileEncoding = 4; lastKnownFileType = sourcecode.c.h; path = HsConfigBrowerPlistPage.h; sourceTree = "<group>"; };
		AC4F127C24C70CEF0035DE6A /* HsConfigBrowerPage.m */ = {isa = PBXFileReference; fileEncoding = 4; lastKnownFileType = sourcecode.c.objc; path = HsConfigBrowerPage.m; sourceTree = "<group>"; };
		AC4F127D24C70CEF0035DE6A /* HsConfigBrowerPlistPage.m */ = {isa = PBXFileReference; fileEncoding = 4; lastKnownFileType = sourcecode.c.objc; path = HsConfigBrowerPlistPage.m; sourceTree = "<group>"; };
		AC4F127E24C70CEF0035DE6A /* HsConfigBrowerPage.h */ = {isa = PBXFileReference; fileEncoding = 4; lastKnownFileType = sourcecode.c.h; path = HsConfigBrowerPage.h; sourceTree = "<group>"; };
		AC4F128024C70CEF0035DE6A /* HsConfigBrowerHeaderView.h */ = {isa = PBXFileReference; fileEncoding = 4; lastKnownFileType = sourcecode.c.h; path = HsConfigBrowerHeaderView.h; sourceTree = "<group>"; };
		AC4F128124C70CEF0035DE6A /* HsConfigBrowerHeaderView.m */ = {isa = PBXFileReference; fileEncoding = 4; lastKnownFileType = sourcecode.c.objc; path = HsConfigBrowerHeaderView.m; sourceTree = "<group>"; };
		AC4F128324C70CEF0035DE6A /* HsTestTool.bundle */ = {isa = PBXFileReference; lastKnownFileType = "wrapper.plug-in"; path = HsTestTool.bundle; sourceTree = "<group>"; };
		AC4F128424C70CEF0035DE6A /* HsTestBaseViewController.m */ = {isa = PBXFileReference; fileEncoding = 4; lastKnownFileType = sourcecode.c.objc; path = HsTestBaseViewController.m; sourceTree = "<group>"; };
		AC4F128624C70CEF0035DE6A /* HsPlistBrowerTableView.h */ = {isa = PBXFileReference; fileEncoding = 4; lastKnownFileType = sourcecode.c.h; path = HsPlistBrowerTableView.h; sourceTree = "<group>"; };
		AC4F128724C70CEF0035DE6A /* HsPlistBrowerPageCell.h */ = {isa = PBXFileReference; fileEncoding = 4; lastKnownFileType = sourcecode.c.h; path = HsPlistBrowerPageCell.h; sourceTree = "<group>"; };
		AC4F128824C70CEF0035DE6A /* HsPlistBrowerTableView.m */ = {isa = PBXFileReference; fileEncoding = 4; lastKnownFileType = sourcecode.c.objc; path = HsPlistBrowerTableView.m; sourceTree = "<group>"; };
		AC4F128924C70CEF0035DE6A /* HsPlistBrowerPageCell.m */ = {isa = PBXFileReference; fileEncoding = 4; lastKnownFileType = sourcecode.c.objc; path = HsPlistBrowerPageCell.m; sourceTree = "<group>"; };
		AC4F128A24C70CEF0035DE6A /* NSBundle+HsTestTool.m */ = {isa = PBXFileReference; fileEncoding = 4; lastKnownFileType = sourcecode.c.objc; path = "NSBundle+HsTestTool.m"; sourceTree = "<group>"; };
		AC4F128B24C70CEF0035DE6A /* HsTestToolDefine.h */ = {isa = PBXFileReference; fileEncoding = 4; lastKnownFileType = sourcecode.c.h; path = HsTestToolDefine.h; sourceTree = "<group>"; };
		AC4F128C24C70CEF0035DE6A /* HsTestBaseViewController.h */ = {isa = PBXFileReference; fileEncoding = 4; lastKnownFileType = sourcecode.c.h; path = HsTestBaseViewController.h; sourceTree = "<group>"; };
		AC4F128D24C70CEF0035DE6A /* NSBundle+HsTestTool.h */ = {isa = PBXFileReference; fileEncoding = 4; lastKnownFileType = sourcecode.c.h; path = "NSBundle+HsTestTool.h"; sourceTree = "<group>"; };
		AC4F129024C70CEF0035DE6A /* HsFileBrowerHeader.h */ = {isa = PBXFileReference; fileEncoding = 4; lastKnownFileType = sourcecode.c.h; path = HsFileBrowerHeader.h; sourceTree = "<group>"; };
		AC4F129124C70CEF0035DE6A /* HsFileBrowerManager.h */ = {isa = PBXFileReference; fileEncoding = 4; lastKnownFileType = sourcecode.c.h; path = HsFileBrowerManager.h; sourceTree = "<group>"; };
		AC4F129224C70CEF0035DE6A /* HsFileBrowerManager.m */ = {isa = PBXFileReference; fileEncoding = 4; lastKnownFileType = sourcecode.c.objc; path = HsFileBrowerManager.m; sourceTree = "<group>"; };
		AC4F129424C70CEF0035DE6A /* HsFileBrowerPage.m */ = {isa = PBXFileReference; fileEncoding = 4; lastKnownFileType = sourcecode.c.objc; path = HsFileBrowerPage.m; sourceTree = "<group>"; };
		AC4F129524C70CEF0035DE6A /* HsFileBrowerPreviewPage.h */ = {isa = PBXFileReference; fileEncoding = 4; lastKnownFileType = sourcecode.c.h; path = HsFileBrowerPreviewPage.h; sourceTree = "<group>"; };
		AC4F129624C70CEF0035DE6A /* HsFileBrowerController.m */ = {isa = PBXFileReference; fileEncoding = 4; lastKnownFileType = sourcecode.c.objc; path = HsFileBrowerController.m; sourceTree = "<group>"; };
		AC4F129724C70CEF0035DE6A /* HsFileBrowerActionPage.m */ = {isa = PBXFileReference; fileEncoding = 4; lastKnownFileType = sourcecode.c.objc; path = HsFileBrowerActionPage.m; sourceTree = "<group>"; };
		AC4F129824C70CEF0035DE6A /* HsFileBrowerBriefPage.h */ = {isa = PBXFileReference; fileEncoding = 4; lastKnownFileType = sourcecode.c.h; path = HsFileBrowerBriefPage.h; sourceTree = "<group>"; };
		AC4F129924C70CEF0035DE6A /* HsFileBrowerPage.h */ = {isa = PBXFileReference; fileEncoding = 4; lastKnownFileType = sourcecode.c.h; path = HsFileBrowerPage.h; sourceTree = "<group>"; };
		AC4F129A24C70CEF0035DE6A /* HsFileBrowerPreviewPage.m */ = {isa = PBXFileReference; fileEncoding = 4; lastKnownFileType = sourcecode.c.objc; path = HsFileBrowerPreviewPage.m; sourceTree = "<group>"; };
		AC4F129B24C70CEF0035DE6A /* HsFileBrowerActionPage.h */ = {isa = PBXFileReference; fileEncoding = 4; lastKnownFileType = sourcecode.c.h; path = HsFileBrowerActionPage.h; sourceTree = "<group>"; };
		AC4F129C24C70CEF0035DE6A /* HsFileBrowerController.h */ = {isa = PBXFileReference; fileEncoding = 4; lastKnownFileType = sourcecode.c.h; path = HsFileBrowerController.h; sourceTree = "<group>"; };
		AC4F129D24C70CEF0035DE6A /* HsFileBrowerBriefPage.m */ = {isa = PBXFileReference; fileEncoding = 4; lastKnownFileType = sourcecode.c.objc; path = HsFileBrowerBriefPage.m; sourceTree = "<group>"; };
		AC4F129F24C70CEF0035DE6A /* HsFileBrowerItem.m */ = {isa = PBXFileReference; fileEncoding = 4; lastKnownFileType = sourcecode.c.objc; path = HsFileBrowerItem.m; sourceTree = "<group>"; };
		AC4F12A024C70CEF0035DE6A /* HsFileBrowerItem.h */ = {isa = PBXFileReference; fileEncoding = 4; lastKnownFileType = sourcecode.c.h; path = HsFileBrowerItem.h; sourceTree = "<group>"; };
		AC4F12A224C70CEF0035DE6A /* HsFileBrowerScrollHeader.m */ = {isa = PBXFileReference; fileEncoding = 4; lastKnownFileType = sourcecode.c.objc; path = HsFileBrowerScrollHeader.m; sourceTree = "<group>"; };
		AC4F12A324C70CEF0035DE6A /* HsFileBrowerItemCell.m */ = {isa = PBXFileReference; fileEncoding = 4; lastKnownFileType = sourcecode.c.objc; path = HsFileBrowerItemCell.m; sourceTree = "<group>"; };
		AC4F12A424C70CEF0035DE6A /* HsFileBrowerAnimatedTransitioning.m */ = {isa = PBXFileReference; fileEncoding = 4; lastKnownFileType = sourcecode.c.objc; path = HsFileBrowerAnimatedTransitioning.m; sourceTree = "<group>"; };
		AC4F12A524C70CF00035DE6A /* HsFileBrowerNavigateTransitioning.h */ = {isa = PBXFileReference; fileEncoding = 4; lastKnownFileType = sourcecode.c.h; path = HsFileBrowerNavigateTransitioning.h; sourceTree = "<group>"; };
		AC4F12A624C70CF00035DE6A /* HsFileBrowerItemCell.h */ = {isa = PBXFileReference; fileEncoding = 4; lastKnownFileType = sourcecode.c.h; path = HsFileBrowerItemCell.h; sourceTree = "<group>"; };
		AC4F12A724C70CF00035DE6A /* HsFileBrowerScrollHeader.h */ = {isa = PBXFileReference; fileEncoding = 4; lastKnownFileType = sourcecode.c.h; path = HsFileBrowerScrollHeader.h; sourceTree = "<group>"; };
		AC4F12A824C70CF00035DE6A /* HsFileBrowerAnimatedTransitioning.h */ = {isa = PBXFileReference; fileEncoding = 4; lastKnownFileType = sourcecode.c.h; path = HsFileBrowerAnimatedTransitioning.h; sourceTree = "<group>"; };
		AC4F12A924C70CF00035DE6A /* HsFileBrowerNavigateTransitioning.m */ = {isa = PBXFileReference; fileEncoding = 4; lastKnownFileType = sourcecode.c.objc; path = HsFileBrowerNavigateTransitioning.m; sourceTree = "<group>"; };
		AC4F12AC24C70CF00035DE6A /* HsPlistBrowerPage.m */ = {isa = PBXFileReference; fileEncoding = 4; lastKnownFileType = sourcecode.c.objc; path = HsPlistBrowerPage.m; sourceTree = "<group>"; };
		AC4F12AD24C70CF00035DE6A /* HsPlistBrowerEditPage.h */ = {isa = PBXFileReference; fileEncoding = 4; lastKnownFileType = sourcecode.c.h; path = HsPlistBrowerEditPage.h; sourceTree = "<group>"; };
		AC4F12AE24C70CF00035DE6A /* HsPlistBrowerController.m */ = {isa = PBXFileReference; fileEncoding = 4; lastKnownFileType = sourcecode.c.objc; path = HsPlistBrowerController.m; sourceTree = "<group>"; };
		AC4F12AF24C70CF00035DE6A /* HsPlistBrowerSearchResultPage.m */ = {isa = PBXFileReference; fileEncoding = 4; lastKnownFileType = sourcecode.c.objc; path = HsPlistBrowerSearchResultPage.m; sourceTree = "<group>"; };
		AC4F12B024C70CF00035DE6A /* HsPlistBrowerEditPage.m */ = {isa = PBXFileReference; fileEncoding = 4; lastKnownFileType = sourcecode.c.objc; path = HsPlistBrowerEditPage.m; sourceTree = "<group>"; };
		AC4F12B124C70CF00035DE6A /* HsPlistBrowerPage.h */ = {isa = PBXFileReference; fileEncoding = 4; lastKnownFileType = sourcecode.c.h; path = HsPlistBrowerPage.h; sourceTree = "<group>"; };
		AC4F12B224C70CF00035DE6A /* HsPlistBrowerController.h */ = {isa = PBXFileReference; fileEncoding = 4; lastKnownFileType = sourcecode.c.h; path = HsPlistBrowerController.h; sourceTree = "<group>"; };
		AC4F12B324C70CF00035DE6A /* HsPlistBrowerSearchResultPage.h */ = {isa = PBXFileReference; fileEncoding = 4; lastKnownFileType = sourcecode.c.h; path = HsPlistBrowerSearchResultPage.h; sourceTree = "<group>"; };
		AC4F12B524C70CF00035DE6A /* HsPlistBrowerNode.m */ = {isa = PBXFileReference; fileEncoding = 4; lastKnownFileType = sourcecode.c.objc; path = HsPlistBrowerNode.m; sourceTree = "<group>"; };
		AC4F12B624C70CF00035DE6A /* HsPlistBrowerNode.h */ = {isa = PBXFileReference; fileEncoding = 4; lastKnownFileType = sourcecode.c.h; path = HsPlistBrowerNode.h; sourceTree = "<group>"; };
		AC4F12B824C70CF00035DE6A /* HsPlistBrowerNodeView.h */ = {isa = PBXFileReference; fileEncoding = 4; lastKnownFileType = sourcecode.c.h; path = HsPlistBrowerNodeView.h; sourceTree = "<group>"; };
		AC4F12B924C70CF00035DE6A /* HsPlistBrowerNodeView.m */ = {isa = PBXFileReference; fileEncoding = 4; lastKnownFileType = sourcecode.c.objc; path = HsPlistBrowerNodeView.m; sourceTree = "<group>"; };
		AC4F12D524C70F850035DE6A /* TestPlsit.plist */ = {isa = PBXFileReference; fileEncoding = 4; lastKnownFileType = text.plist.xml; path = TestPlsit.plist; sourceTree = "<group>"; };
		AC4F12D724C7CEC80035DE6A /* HsTestToolConfig.h */ = {isa = PBXFileReference; lastKnownFileType = sourcecode.c.h; path = HsTestToolConfig.h; sourceTree = "<group>"; };
		AC8E904924AC1B340086E3A7 /* HsTestToolExample.app */ = {isa = PBXFileReference; explicitFileType = wrapper.application; includeInIndex = 0; path = HsTestToolExample.app; sourceTree = BUILT_PRODUCTS_DIR; };
		AC8E904C24AC1B340086E3A7 /* AppDelegate.h */ = {isa = PBXFileReference; lastKnownFileType = sourcecode.c.h; path = AppDelegate.h; sourceTree = "<group>"; };
		AC8E904D24AC1B340086E3A7 /* AppDelegate.m */ = {isa = PBXFileReference; lastKnownFileType = sourcecode.c.objc; path = AppDelegate.m; sourceTree = "<group>"; };
		AC8E905224AC1B340086E3A7 /* ViewController.h */ = {isa = PBXFileReference; lastKnownFileType = sourcecode.c.h; path = ViewController.h; sourceTree = "<group>"; };
		AC8E905324AC1B340086E3A7 /* ViewController.m */ = {isa = PBXFileReference; lastKnownFileType = sourcecode.c.objc; path = ViewController.m; sourceTree = "<group>"; };
		AC8E905624AC1B340086E3A7 /* Base */ = {isa = PBXFileReference; lastKnownFileType = file.storyboard; name = Base; path = Base.lproj/Main.storyboard; sourceTree = "<group>"; };
		AC8E905824AC1B370086E3A7 /* Assets.xcassets */ = {isa = PBXFileReference; lastKnownFileType = folder.assetcatalog; path = Assets.xcassets; sourceTree = "<group>"; };
		AC8E905B24AC1B370086E3A7 /* Base */ = {isa = PBXFileReference; lastKnownFileType = file.storyboard; name = Base; path = Base.lproj/LaunchScreen.storyboard; sourceTree = "<group>"; };
		AC8E905D24AC1B370086E3A7 /* Info.plist */ = {isa = PBXFileReference; lastKnownFileType = text.plist.xml; path = Info.plist; sourceTree = "<group>"; };
		AC8E905E24AC1B370086E3A7 /* main.m */ = {isa = PBXFileReference; lastKnownFileType = sourcecode.c.objc; path = main.m; sourceTree = "<group>"; };
		AC8E908824AC1BB30086E3A7 /* HsHiddenFunctionPage.m */ = {isa = PBXFileReference; fileEncoding = 4; lastKnownFileType = sourcecode.c.objc; path = HsHiddenFunctionPage.m; sourceTree = "<group>"; };
		AC8E908924AC1BB30086E3A7 /* HsHiddenFunctionPage.h */ = {isa = PBXFileReference; fileEncoding = 4; lastKnownFileType = sourcecode.c.h; path = HsHiddenFunctionPage.h; sourceTree = "<group>"; };
/* End PBXFileReference section */

/* Begin PBXFrameworksBuildPhase section */
		AC8E904624AC1B340086E3A7 /* Frameworks */ = {
			isa = PBXFrameworksBuildPhase;
			buildActionMask = 2147483647;
			files = (
				3A64D26324C091030081163C /* QuickLook.framework in Frameworks */,
			);
			runOnlyForDeploymentPostprocessing = 0;
		};
/* End PBXFrameworksBuildPhase section */

/* Begin PBXGroup section */
		3A60914B24B30BF4009D5BB1 /* testFile */ = {
			isa = PBXGroup;
			children = (
				3A60914C24B30C05009D5BB1 /* image01.psd */,
				3A60914D24B30C13009D5BB1 /* swift.gif */,
				AC4F12D524C70F850035DE6A /* TestPlsit.plist */,
				AC2A650424B71BF100FF8D6B /* TestBundle.bundle */,
			);
			path = testFile;
			sourceTree = "<group>";
		};
		3A64D26124C091020081163C /* Frameworks */ = {
			isa = PBXGroup;
			children = (
				3A64D26224C091030081163C /* QuickLook.framework */,
			);
			name = Frameworks;
			sourceTree = "<group>";
		};
		AC4F127824C70CEF0035DE6A /* HsTestTool */ = {
			isa = PBXGroup;
			children = (
				AC4F127924C70CEF0035DE6A /* ConfigReader */,
				AC4F128224C70CEF0035DE6A /* Common */,
				AC4F128E24C70CEF0035DE6A /* SandBox */,
				AC4F12AA24C70CF00035DE6A /* PlistBrower */,
			);
			name = HsTestTool;
			path = ../../HsTestTool;
			sourceTree = "<group>";
		};
		AC4F127924C70CEF0035DE6A /* ConfigReader */ = {
			isa = PBXGroup;
			children = (
				AC4F127A24C70CEF0035DE6A /* Controller */,
				AC4F127F24C70CEF0035DE6A /* View */,
			);
			path = ConfigReader;
			sourceTree = "<group>";
		};
		AC4F127A24C70CEF0035DE6A /* Controller */ = {
			isa = PBXGroup;
			children = (
				AC4F127B24C70CEF0035DE6A /* HsConfigBrowerPlistPage.h */,
				AC4F127C24C70CEF0035DE6A /* HsConfigBrowerPage.m */,
				AC4F127D24C70CEF0035DE6A /* HsConfigBrowerPlistPage.m */,
				AC4F127E24C70CEF0035DE6A /* HsConfigBrowerPage.h */,
			);
			path = Controller;
			sourceTree = "<group>";
		};
		AC4F127F24C70CEF0035DE6A /* View */ = {
			isa = PBXGroup;
			children = (
				AC4F128024C70CEF0035DE6A /* HsConfigBrowerHeaderView.h */,
				AC4F128124C70CEF0035DE6A /* HsConfigBrowerHeaderView.m */,
			);
			path = View;
			sourceTree = "<group>";
		};
		AC4F128224C70CEF0035DE6A /* Common */ = {
			isa = PBXGroup;
			children = (
				AC4F128324C70CEF0035DE6A /* HsTestTool.bundle */,
				AC4F128424C70CEF0035DE6A /* HsTestBaseViewController.m */,
				AC4F128524C70CEF0035DE6A /* PlistBrowerTableView */,
				AC4F128A24C70CEF0035DE6A /* NSBundle+HsTestTool.m */,
				AC4F128B24C70CEF0035DE6A /* HsTestToolDefine.h */,
				AC4F12D724C7CEC80035DE6A /* HsTestToolConfig.h */,
				AC4F128C24C70CEF0035DE6A /* HsTestBaseViewController.h */,
				AC4F128D24C70CEF0035DE6A /* NSBundle+HsTestTool.h */,
			);
			path = Common;
			sourceTree = "<group>";
		};
		AC4F128524C70CEF0035DE6A /* PlistBrowerTableView */ = {
			isa = PBXGroup;
			children = (
				AC4F128624C70CEF0035DE6A /* HsPlistBrowerTableView.h */,
				AC4F128724C70CEF0035DE6A /* HsPlistBrowerPageCell.h */,
				AC4F128824C70CEF0035DE6A /* HsPlistBrowerTableView.m */,
				AC4F128924C70CEF0035DE6A /* HsPlistBrowerPageCell.m */,
			);
			path = PlistBrowerTableView;
			sourceTree = "<group>";
		};
		AC4F128E24C70CEF0035DE6A /* SandBox */ = {
			isa = PBXGroup;
			children = (
				AC4F128F24C70CEF0035DE6A /* Util */,
				AC4F129324C70CEF0035DE6A /* Controller */,
				AC4F129E24C70CEF0035DE6A /* Model */,
				AC4F12A124C70CEF0035DE6A /* View */,
			);
			path = SandBox;
			sourceTree = "<group>";
		};
		AC4F128F24C70CEF0035DE6A /* Util */ = {
			isa = PBXGroup;
			children = (
				AC4F129024C70CEF0035DE6A /* HsFileBrowerHeader.h */,
				AC4F129124C70CEF0035DE6A /* HsFileBrowerManager.h */,
				AC4F129224C70CEF0035DE6A /* HsFileBrowerManager.m */,
			);
			path = Util;
			sourceTree = "<group>";
		};
		AC4F129324C70CEF0035DE6A /* Controller */ = {
			isa = PBXGroup;
			children = (
				AC4F129C24C70CEF0035DE6A /* HsFileBrowerController.h */,
				AC4F129624C70CEF0035DE6A /* HsFileBrowerController.m */,
				AC4F129924C70CEF0035DE6A /* HsFileBrowerPage.h */,
				AC4F129424C70CEF0035DE6A /* HsFileBrowerPage.m */,
				AC4F129524C70CEF0035DE6A /* HsFileBrowerPreviewPage.h */,
				AC4F129724C70CEF0035DE6A /* HsFileBrowerActionPage.m */,
				AC4F129824C70CEF0035DE6A /* HsFileBrowerBriefPage.h */,
				AC4F129A24C70CEF0035DE6A /* HsFileBrowerPreviewPage.m */,
				AC4F129B24C70CEF0035DE6A /* HsFileBrowerActionPage.h */,
				AC4F129D24C70CEF0035DE6A /* HsFileBrowerBriefPage.m */,
			);
			path = Controller;
			sourceTree = "<group>";
		};
		AC4F129E24C70CEF0035DE6A /* Model */ = {
			isa = PBXGroup;
			children = (
				AC4F129F24C70CEF0035DE6A /* HsFileBrowerItem.m */,
				AC4F12A024C70CEF0035DE6A /* HsFileBrowerItem.h */,
			);
			path = Model;
			sourceTree = "<group>";
		};
		AC4F12A124C70CEF0035DE6A /* View */ = {
			isa = PBXGroup;
			children = (
				AC4F12A224C70CEF0035DE6A /* HsFileBrowerScrollHeader.m */,
				AC4F12A324C70CEF0035DE6A /* HsFileBrowerItemCell.m */,
				AC4F12A424C70CEF0035DE6A /* HsFileBrowerAnimatedTransitioning.m */,
				AC4F12A524C70CF00035DE6A /* HsFileBrowerNavigateTransitioning.h */,
				AC4F12A624C70CF00035DE6A /* HsFileBrowerItemCell.h */,
				AC4F12A724C70CF00035DE6A /* HsFileBrowerScrollHeader.h */,
				AC4F12A824C70CF00035DE6A /* HsFileBrowerAnimatedTransitioning.h */,
				AC4F12A924C70CF00035DE6A /* HsFileBrowerNavigateTransitioning.m */,
			);
			path = View;
			sourceTree = "<group>";
		};
		AC4F12AA24C70CF00035DE6A /* PlistBrower */ = {
			isa = PBXGroup;
			children = (
				AC4F12AB24C70CF00035DE6A /* Controller */,
				AC4F12B424C70CF00035DE6A /* Model */,
				AC4F12B724C70CF00035DE6A /* View */,
			);
			path = PlistBrower;
			sourceTree = "<group>";
		};
		AC4F12AB24C70CF00035DE6A /* Controller */ = {
			isa = PBXGroup;
			children = (
				AC4F12B124C70CF00035DE6A /* HsPlistBrowerPage.h */,
				AC4F12AC24C70CF00035DE6A /* HsPlistBrowerPage.m */,
				AC4F12B224C70CF00035DE6A /* HsPlistBrowerController.h */,
				AC4F12AE24C70CF00035DE6A /* HsPlistBrowerController.m */,
				AC4F12B324C70CF00035DE6A /* HsPlistBrowerSearchResultPage.h */,
				AC4F12AF24C70CF00035DE6A /* HsPlistBrowerSearchResultPage.m */,
				AC4F12AD24C70CF00035DE6A /* HsPlistBrowerEditPage.h */,
				AC4F12B024C70CF00035DE6A /* HsPlistBrowerEditPage.m */,
			);
			path = Controller;
			sourceTree = "<group>";
		};
		AC4F12B424C70CF00035DE6A /* Model */ = {
			isa = PBXGroup;
			children = (
				AC4F12B524C70CF00035DE6A /* HsPlistBrowerNode.m */,
				AC4F12B624C70CF00035DE6A /* HsPlistBrowerNode.h */,
			);
			path = Model;
			sourceTree = "<group>";
		};
		AC4F12B724C70CF00035DE6A /* View */ = {
			isa = PBXGroup;
			children = (
				AC4F12B824C70CF00035DE6A /* HsPlistBrowerNodeView.h */,
				AC4F12B924C70CF00035DE6A /* HsPlistBrowerNodeView.m */,
			);
			path = View;
			sourceTree = "<group>";
		};
		AC8E904024AC1B340086E3A7 = {
			isa = PBXGroup;
			children = (
				AC8E904B24AC1B340086E3A7 /* HsTestToolExample */,
				AC8E904A24AC1B340086E3A7 /* Products */,
				3A64D26124C091020081163C /* Frameworks */,
			);
			sourceTree = "<group>";
		};
		AC8E904A24AC1B340086E3A7 /* Products */ = {
			isa = PBXGroup;
			children = (
				AC8E904924AC1B340086E3A7 /* HsTestToolExample.app */,
			);
			name = Products;
			sourceTree = "<group>";
		};
		AC8E904B24AC1B340086E3A7 /* HsTestToolExample */ = {
			isa = PBXGroup;
			children = (
				3A60914B24B30BF4009D5BB1 /* testFile */,
				AC8E904C24AC1B340086E3A7 /* AppDelegate.h */,
				AC8E904D24AC1B340086E3A7 /* AppDelegate.m */,
				AC8E905224AC1B340086E3A7 /* ViewController.h */,
				AC8E905324AC1B340086E3A7 /* ViewController.m */,
				AC8E908924AC1BB30086E3A7 /* HsHiddenFunctionPage.h */,
				AC8E908824AC1BB30086E3A7 /* HsHiddenFunctionPage.m */,
				AC4F127824C70CEF0035DE6A /* HsTestTool */,
				AC8E905524AC1B340086E3A7 /* Main.storyboard */,
				AC8E905824AC1B370086E3A7 /* Assets.xcassets */,
				AC8E905A24AC1B370086E3A7 /* LaunchScreen.storyboard */,
				AC8E905D24AC1B370086E3A7 /* Info.plist */,
				AC8E905E24AC1B370086E3A7 /* main.m */,
			);
			path = HsTestToolExample;
			sourceTree = "<group>";
		};
/* End PBXGroup section */

/* Begin PBXNativeTarget section */
		AC8E904824AC1B340086E3A7 /* HsTestToolExample */ = {
			isa = PBXNativeTarget;
			buildConfigurationList = AC8E906224AC1B370086E3A7 /* Build configuration list for PBXNativeTarget "HsTestToolExample" */;
			buildPhases = (
				AC8E904524AC1B340086E3A7 /* Sources */,
				AC8E904624AC1B340086E3A7 /* Frameworks */,
				AC8E904724AC1B340086E3A7 /* Resources */,
			);
			buildRules = (
			);
			dependencies = (
			);
			name = HsTestToolExample;
			productName = HsTestTool;
			productReference = AC8E904924AC1B340086E3A7 /* HsTestToolExample.app */;
			productType = "com.apple.product-type.application";
		};
/* End PBXNativeTarget section */

/* Begin PBXProject section */
		AC8E904124AC1B340086E3A7 /* Project object */ = {
			isa = PBXProject;
			attributes = {
				LastUpgradeCheck = 1150;
				ORGANIZATIONNAME = Hundsun;
				TargetAttributes = {
					AC8E904824AC1B340086E3A7 = {
						CreatedOnToolsVersion = 11.5;
					};
				};
			};
			buildConfigurationList = AC8E904424AC1B340086E3A7 /* Build configuration list for PBXProject "HsTestToolExample" */;
			compatibilityVersion = "Xcode 9.3";
			developmentRegion = en;
			hasScannedForEncodings = 0;
			knownRegions = (
				en,
				Base,
			);
			mainGroup = AC8E904024AC1B340086E3A7;
			productRefGroup = AC8E904A24AC1B340086E3A7 /* Products */;
			projectDirPath = "";
			projectRoot = "";
			targets = (
				AC8E904824AC1B340086E3A7 /* HsTestToolExample */,
			);
		};
/* End PBXProject section */

/* Begin PBXResourcesBuildPhase section */
		AC8E904724AC1B340086E3A7 /* Resources */ = {
			isa = PBXResourcesBuildPhase;
			buildActionMask = 2147483647;
			files = (
				AC4F12D424C70F5B0035DE6A /* image01.psd in Resources */,
				AC8E905C24AC1B370086E3A7 /* LaunchScreen.storyboard in Resources */,
				AC4F12D624C70F850035DE6A /* TestPlsit.plist in Resources */,
				AC8E905924AC1B370086E3A7 /* Assets.xcassets in Resources */,
				AC2A650524B71BF100FF8D6B /* TestBundle.bundle in Resources */,
				AC8E905724AC1B340086E3A7 /* Main.storyboard in Resources */,
				3A60914E24B30C13009D5BB1 /* swift.gif in Resources */,
				AC4F12BD24C70CF00035DE6A /* HsTestTool.bundle in Resources */,
			);
			runOnlyForDeploymentPostprocessing = 0;
		};
/* End PBXResourcesBuildPhase section */

/* Begin PBXSourcesBuildPhase section */
		AC8E904524AC1B340086E3A7 /* Sources */ = {
			isa = PBXSourcesBuildPhase;
			buildActionMask = 2147483647;
			files = (
				AC4F12C924C70CF00035DE6A /* HsFileBrowerScrollHeader.m in Sources */,
				AC8E909C24AC1BB40086E3A7 /* HsHiddenFunctionPage.m in Sources */,
				AC4F12BC24C70CF00035DE6A /* HsConfigBrowerHeaderView.m in Sources */,
				AC4F12C824C70CF00035DE6A /* HsFileBrowerItem.m in Sources */,
				AC4F12C524C70CF00035DE6A /* HsFileBrowerActionPage.m in Sources */,
				AC4F12BE24C70CF00035DE6A /* HsTestBaseViewController.m in Sources */,
				AC4F12BB24C70CF00035DE6A /* HsConfigBrowerPlistPage.m in Sources */,
				AC4F12D224C70CF00035DE6A /* HsPlistBrowerNodeView.m in Sources */,
				AC4F12BF24C70CF00035DE6A /* HsPlistBrowerTableView.m in Sources */,
				AC4F12CB24C70CF00035DE6A /* HsFileBrowerAnimatedTransitioning.m in Sources */,
				AC4F12C424C70CF00035DE6A /* HsFileBrowerController.m in Sources */,
				AC4F12C324C70CF00035DE6A /* HsFileBrowerPage.m in Sources */,
				AC4F12C124C70CF00035DE6A /* NSBundle+HsTestTool.m in Sources */,
				AC8E905424AC1B340086E3A7 /* ViewController.m in Sources */,
				AC4F12C224C70CF00035DE6A /* HsFileBrowerManager.m in Sources */,
				AC4F12C724C70CF00035DE6A /* HsFileBrowerBriefPage.m in Sources */,
				AC4F12BA24C70CF00035DE6A /* HsConfigBrowerPage.m in Sources */,
				AC4F12CF24C70CF00035DE6A /* HsPlistBrowerSearchResultPage.m in Sources */,
				AC4F12CE24C70CF00035DE6A /* HsPlistBrowerController.m in Sources */,
				AC8E904E24AC1B340086E3A7 /* AppDelegate.m in Sources */,
				AC4F12CA24C70CF00035DE6A /* HsFileBrowerItemCell.m in Sources */,
				AC4F12CC24C70CF00035DE6A /* HsFileBrowerNavigateTransitioning.m in Sources */,
				AC4F12D124C70CF00035DE6A /* HsPlistBrowerNode.m in Sources */,
				AC4F12D024C70CF00035DE6A /* HsPlistBrowerEditPage.m in Sources */,
				AC8E905F24AC1B370086E3A7 /* main.m in Sources */,
				AC4F12C024C70CF00035DE6A /* HsPlistBrowerPageCell.m in Sources */,
				AC4F12CD24C70CF00035DE6A /* HsPlistBrowerPage.m in Sources */,
				AC4F12C624C70CF00035DE6A /* HsFileBrowerPreviewPage.m in Sources */,
			);
			runOnlyForDeploymentPostprocessing = 0;
		};
/* End PBXSourcesBuildPhase section */

/* Begin PBXVariantGroup section */
		AC8E905524AC1B340086E3A7 /* Main.storyboard */ = {
			isa = PBXVariantGroup;
			children = (
				AC8E905624AC1B340086E3A7 /* Base */,
			);
			name = Main.storyboard;
			sourceTree = "<group>";
		};
		AC8E905A24AC1B370086E3A7 /* LaunchScreen.storyboard */ = {
			isa = PBXVariantGroup;
			children = (
				AC8E905B24AC1B370086E3A7 /* Base */,
			);
			name = LaunchScreen.storyboard;
			sourceTree = "<group>";
		};
/* End PBXVariantGroup section */

/* Begin XCBuildConfiguration section */
		AC8E906024AC1B370086E3A7 /* Debug */ = {
			isa = XCBuildConfiguration;
			buildSettings = {
				ALWAYS_SEARCH_USER_PATHS = NO;
				CLANG_ANALYZER_NONNULL = YES;
				CLANG_ANALYZER_NUMBER_OBJECT_CONVERSION = YES_AGGRESSIVE;
				CLANG_CXX_LANGUAGE_STANDARD = "gnu++14";
				CLANG_CXX_LIBRARY = "libc++";
				CLANG_ENABLE_MODULES = YES;
				CLANG_ENABLE_OBJC_ARC = YES;
				CLANG_ENABLE_OBJC_WEAK = YES;
				CLANG_WARN_BLOCK_CAPTURE_AUTORELEASING = YES;
				CLANG_WARN_BOOL_CONVERSION = YES;
				CLANG_WARN_COMMA = YES;
				CLANG_WARN_CONSTANT_CONVERSION = YES;
				CLANG_WARN_DEPRECATED_OBJC_IMPLEMENTATIONS = YES;
				CLANG_WARN_DIRECT_OBJC_ISA_USAGE = YES_ERROR;
				CLANG_WARN_DOCUMENTATION_COMMENTS = YES;
				CLANG_WARN_EMPTY_BODY = YES;
				CLANG_WARN_ENUM_CONVERSION = YES;
				CLANG_WARN_INFINITE_RECURSION = YES;
				CLANG_WARN_INT_CONVERSION = YES;
				CLANG_WARN_NON_LITERAL_NULL_CONVERSION = YES;
				CLANG_WARN_OBJC_IMPLICIT_RETAIN_SELF = YES;
				CLANG_WARN_OBJC_LITERAL_CONVERSION = YES;
				CLANG_WARN_OBJC_ROOT_CLASS = YES_ERROR;
				CLANG_WARN_RANGE_LOOP_ANALYSIS = YES;
				CLANG_WARN_STRICT_PROTOTYPES = YES;
				CLANG_WARN_SUSPICIOUS_MOVE = YES;
				CLANG_WARN_UNGUARDED_AVAILABILITY = YES_AGGRESSIVE;
				CLANG_WARN_UNREACHABLE_CODE = YES;
				CLANG_WARN__DUPLICATE_METHOD_MATCH = YES;
				COPY_PHASE_STRIP = NO;
				DEBUG_INFORMATION_FORMAT = dwarf;
				ENABLE_STRICT_OBJC_MSGSEND = YES;
				ENABLE_TESTABILITY = YES;
				GCC_C_LANGUAGE_STANDARD = gnu11;
				GCC_DYNAMIC_NO_PIC = NO;
				GCC_NO_COMMON_BLOCKS = YES;
				GCC_OPTIMIZATION_LEVEL = 0;
				GCC_PREPROCESSOR_DEFINITIONS = (
					"DEBUG=1",
					"$(inherited)",
				);
				GCC_WARN_64_TO_32_BIT_CONVERSION = YES;
				GCC_WARN_ABOUT_RETURN_TYPE = YES_ERROR;
				GCC_WARN_UNDECLARED_SELECTOR = YES;
				GCC_WARN_UNINITIALIZED_AUTOS = YES_AGGRESSIVE;
				GCC_WARN_UNUSED_FUNCTION = YES;
				GCC_WARN_UNUSED_VARIABLE = YES;
				IPHONEOS_DEPLOYMENT_TARGET = 13.5;
				MTL_ENABLE_DEBUG_INFO = INCLUDE_SOURCE;
				MTL_FAST_MATH = YES;
				ONLY_ACTIVE_ARCH = YES;
				SDKROOT = iphoneos;
			};
			name = Debug;
		};
		AC8E906124AC1B370086E3A7 /* Release */ = {
			isa = XCBuildConfiguration;
			buildSettings = {
				ALWAYS_SEARCH_USER_PATHS = NO;
				CLANG_ANALYZER_NONNULL = YES;
				CLANG_ANALYZER_NUMBER_OBJECT_CONVERSION = YES_AGGRESSIVE;
				CLANG_CXX_LANGUAGE_STANDARD = "gnu++14";
				CLANG_CXX_LIBRARY = "libc++";
				CLANG_ENABLE_MODULES = YES;
				CLANG_ENABLE_OBJC_ARC = YES;
				CLANG_ENABLE_OBJC_WEAK = YES;
				CLANG_WARN_BLOCK_CAPTURE_AUTORELEASING = YES;
				CLANG_WARN_BOOL_CONVERSION = YES;
				CLANG_WARN_COMMA = YES;
				CLANG_WARN_CONSTANT_CONVERSION = YES;
				CLANG_WARN_DEPRECATED_OBJC_IMPLEMENTATIONS = YES;
				CLANG_WARN_DIRECT_OBJC_ISA_USAGE = YES_ERROR;
				CLANG_WARN_DOCUMENTATION_COMMENTS = YES;
				CLANG_WARN_EMPTY_BODY = YES;
				CLANG_WARN_ENUM_CONVERSION = YES;
				CLANG_WARN_INFINITE_RECURSION = YES;
				CLANG_WARN_INT_CONVERSION = YES;
				CLANG_WARN_NON_LITERAL_NULL_CONVERSION = YES;
				CLANG_WARN_OBJC_IMPLICIT_RETAIN_SELF = YES;
				CLANG_WARN_OBJC_LITERAL_CONVERSION = YES;
				CLANG_WARN_OBJC_ROOT_CLASS = YES_ERROR;
				CLANG_WARN_RANGE_LOOP_ANALYSIS = YES;
				CLANG_WARN_STRICT_PROTOTYPES = YES;
				CLANG_WARN_SUSPICIOUS_MOVE = YES;
				CLANG_WARN_UNGUARDED_AVAILABILITY = YES_AGGRESSIVE;
				CLANG_WARN_UNREACHABLE_CODE = YES;
				CLANG_WARN__DUPLICATE_METHOD_MATCH = YES;
				COPY_PHASE_STRIP = NO;
				DEBUG_INFORMATION_FORMAT = "dwarf-with-dsym";
				ENABLE_NS_ASSERTIONS = NO;
				ENABLE_STRICT_OBJC_MSGSEND = YES;
				GCC_C_LANGUAGE_STANDARD = gnu11;
				GCC_NO_COMMON_BLOCKS = YES;
				GCC_WARN_64_TO_32_BIT_CONVERSION = YES;
				GCC_WARN_ABOUT_RETURN_TYPE = YES_ERROR;
				GCC_WARN_UNDECLARED_SELECTOR = YES;
				GCC_WARN_UNINITIALIZED_AUTOS = YES_AGGRESSIVE;
				GCC_WARN_UNUSED_FUNCTION = YES;
				GCC_WARN_UNUSED_VARIABLE = YES;
				IPHONEOS_DEPLOYMENT_TARGET = 13.5;
				MTL_ENABLE_DEBUG_INFO = NO;
				MTL_FAST_MATH = YES;
				SDKROOT = iphoneos;
				VALIDATE_PRODUCT = YES;
			};
			name = Release;
		};
		AC8E906324AC1B370086E3A7 /* Debug */ = {
			isa = XCBuildConfiguration;
			buildSettings = {
				ASSETCATALOG_COMPILER_APPICON_NAME = AppIcon;
				CODE_SIGN_IDENTITY = "Apple Development";
				CODE_SIGN_STYLE = Automatic;
				DEVELOPMENT_TEAM = 56K2M8B4JP;
				INFOPLIST_FILE = HsTestToolExample/Info.plist;
				IPHONEOS_DEPLOYMENT_TARGET = 8.0;
				LD_RUNPATH_SEARCH_PATHS = (
					"$(inherited)",
					"@executable_path/Frameworks",
				);
				PRODUCT_BUNDLE_IDENTIFIER = com.TestTool.zz;
				PRODUCT_NAME = "$(TARGET_NAME)";
				PROVISIONING_PROFILE_SPECIFIER = "";
				TARGETED_DEVICE_FAMILY = "1,2";
				USER_HEADER_SEARCH_PATHS = "\"$(SRCROOT)/../HsTestTool\"";
			};
			name = Debug;
		};
		AC8E906424AC1B370086E3A7 /* Release */ = {
			isa = XCBuildConfiguration;
			buildSettings = {
				ASSETCATALOG_COMPILER_APPICON_NAME = AppIcon;
				CODE_SIGN_IDENTITY = "Apple Development";
				CODE_SIGN_STYLE = Automatic;
				DEVELOPMENT_TEAM = 56K2M8B4JP;
				INFOPLIST_FILE = HsTestToolExample/Info.plist;
				IPHONEOS_DEPLOYMENT_TARGET = 8.0;
				LD_RUNPATH_SEARCH_PATHS = (
					"$(inherited)",
					"@executable_path/Frameworks",
				);
				PRODUCT_BUNDLE_IDENTIFIER = com.TestTool.zz;
				PRODUCT_NAME = "$(TARGET_NAME)";
				PROVISIONING_PROFILE_SPECIFIER = "";
				TARGETED_DEVICE_FAMILY = "1,2";
				USER_HEADER_SEARCH_PATHS = "\"$(SRCROOT)/../HsTestTool\"";
			};
			name = Release;
		};
/* End XCBuildConfiguration section */

/* Begin XCConfigurationList section */
		AC8E904424AC1B340086E3A7 /* Build configuration list for PBXProject "HsTestToolExample" */ = {
			isa = XCConfigurationList;
			buildConfigurations = (
				AC8E906024AC1B370086E3A7 /* Debug */,
				AC8E906124AC1B370086E3A7 /* Release */,
			);
			defaultConfigurationIsVisible = 0;
			defaultConfigurationName = Release;
		};
		AC8E906224AC1B370086E3A7 /* Build configuration list for PBXNativeTarget "HsTestToolExample" */ = {
			isa = XCConfigurationList;
			buildConfigurations = (
				AC8E906324AC1B370086E3A7 /* Debug */,
				AC8E906424AC1B370086E3A7 /* Release */,
			);
			defaultConfigurationIsVisible = 0;
			defaultConfigurationName = Release;
		};
/* End XCConfigurationList section */
	};
	rootObject = AC8E904124AC1B340086E3A7 /* Project object */;
}
